
Microsoft Visual Studio Solution File, Format Version 12.00
# Visual Studio 15
VisualStudioVersion = 15.0.28307.902
MinimumVisualStudioVersion = 10.0.40219.1
Project("{FAE04EC0-301F-11D3-BF4B-00C04F79EFBC}") = "String1", "String1\String1.csproj", "{7773EEA6-B507-4258-8984-2AA6FA23D415}"
EndProject
Global
	GlobalSection(SolutionConfigurationPlatforms) = preSolution
		Debug|Any CPU = Debug|Any CPU
		Release|Any CPU = Release|Any CPU
	EndGlobalSection
	GlobalSection(ProjectConfigurationPlatforms) = postSolution
		{7773EEA6-B507-4258-8984-2AA6FA23D415}.Debug|Any CPU.ActiveCfg = Debug|Any CPU
		{7773EEA6-B507-4258-8984-2AA6FA23D415}.Debug|Any CPU.Build.0 = Debug|Any CPU
		{7773EEA6-B507-4258-8984-2AA6FA23D415}.Release|Any CPU.ActiveCfg = Release|Any CPU
		{7773EEA6-B507-4258-8984-2AA6FA23D415}.Release|Any CPU.Build.0 = Release|Any CPU
	EndGlobalSection
	GlobalSection(SolutionProperties) = preSolution
		HideSolutionNode = FALSE
	EndGlobalSection
	GlobalSection(ExtensibilityGlobals) = postSolution
		SolutionGuid = {787C236D-5622-49DC-B054-51E054866184}
	EndGlobalSection
EndGlobal
